
Microsoft Visual Studio Solution File, Format Version 12.00
# Visual Studio Version 16
VisualStudioVersion = 16.0.30225.117
MinimumVisualStudioVersion = 10.0.40219.1
Project("{888888A0-9F3D-457C-B088-3A5042F75D52}") = "Can_You_Reach_The_Beach_8-7-2020", "Can_You_Reach_The_Beach_8-7-2020\Can_You_Reach_The_Beach_8-7-2020.pyproj", "{8B169A74-8672-4D90-810A-3CDD293A9631}"
EndProject
Global
	GlobalSection(SolutionConfigurationPlatforms) = preSolution
		Debug|Any CPU = Debug|Any CPU
		Release|Any CPU = Release|Any CPU
	EndGlobalSection
	GlobalSection(ProjectConfigurationPlatforms) = postSolution
		{8B169A74-8672-4D90-810A-3CDD293A9631}.Debug|Any CPU.ActiveCfg = Debug|Any CPU
		{8B169A74-8672-4D90-810A-3CDD293A9631}.Release|Any CPU.ActiveCfg = Release|Any CPU
	EndGlobalSection
	GlobalSection(SolutionProperties) = preSolution
		HideSolutionNode = FALSE
	EndGlobalSection
	GlobalSection(ExtensibilityGlobals) = postSolution
		SolutionGuid = {4B7D2515-A516-4D60-89C4-769AF1B188F9}
	EndGlobalSection
EndGlobal
